
Microsoft Visual Studio Solution File, Format Version 12.00
# Visual Studio Version 17
VisualStudioVersion = 17.1.32210.238
MinimumVisualStudioVersion = 10.0.40219.1
Project("{9A19103F-16F7-4668-BE54-9A1E7A4F7556}") = "CleanArquitecture.Domain", "CleanArquitecture.Domain\CleanArquitecture.Domain.csproj", "{6559930F-7F65-4522-A8EF-73E86A285C90}"
EndProject
Project("{2150E333-8FDC-42A3-9474-1A3956D46DE8}") = "src", "src", "{368BD439-F364-4076-A322-5E26AFD93BD9}"
EndProject
Project("{2150E333-8FDC-42A3-9474-1A3956D46DE8}") = "doc", "doc", "{DA7D8232-1935-4EB1-A99C-4BE4C1CCCB1D}"
EndProject
Project("{2150E333-8FDC-42A3-9474-1A3956D46DE8}") = "test", "test", "{217E5627-C4E4-4ADF-A833-42D9E1C561EA}"
EndProject
Project("{2150E333-8FDC-42A3-9474-1A3956D46DE8}") = "API", "API", "{D8B6A6B5-67C5-4B9A-9EAB-07DEC5A4969E}"
EndProject
Project("{2150E333-8FDC-42A3-9474-1A3956D46DE8}") = "Core", "Core", "{CF1A03A7-96D0-4250-B72F-86D62DC62A59}"
EndProject
Project("{2150E333-8FDC-42A3-9474-1A3956D46DE8}") = "Infrastructure", "Infrastructure", "{6EFAB5B9-3D98-4726-8636-9581D3D07D25}"
EndProject
Project("{9A19103F-16F7-4668-BE54-9A1E7A4F7556}") = "CleanArquitecture.API", "CleanArquitecture.API\CleanArquitecture.API.csproj", "{D80A23A7-9828-4E40-A27E-4A1F4E551411}"
EndProject
Project("{9A19103F-16F7-4668-BE54-9A1E7A4F7556}") = "CleanArquitecture.Application", "CleanArquitecture.Application\CleanArquitecture.Application.csproj", "{1EE1D71C-0A95-4AF7-85E3-F710C809DE1F}"
EndProject
Project("{9A19103F-16F7-4668-BE54-9A1E7A4F7556}") = "CleanArquitecture.Infrastructure", "CleanArquitecture.Infrastructure\CleanArquitecture.Infrastructure.csproj", "{6E0E7661-A8F9-4664-8668-364E840BC1A5}"
EndProject
Project("{FAE04EC0-301F-11D3-BF4B-00C04F79EFBC}") = "CleanArquitecture.Identity", "CleanArquitecture.Identity\CleanArquitecture.Identity.csproj", "{AA387863-15C4-4454-A3E3-EA8A2F6652EC}"
EndProject
Global
	GlobalSection(SolutionConfigurationPlatforms) = preSolution
		Debug|Any CPU = Debug|Any CPU
		Release|Any CPU = Release|Any CPU
	EndGlobalSection
	GlobalSection(ProjectConfigurationPlatforms) = postSolution
		{6559930F-7F65-4522-A8EF-73E86A285C90}.Debug|Any CPU.ActiveCfg = Debug|Any CPU
		{6559930F-7F65-4522-A8EF-73E86A285C90}.Debug|Any CPU.Build.0 = Debug|Any CPU
		{6559930F-7F65-4522-A8EF-73E86A285C90}.Release|Any CPU.ActiveCfg = Release|Any CPU
		{6559930F-7F65-4522-A8EF-73E86A285C90}.Release|Any CPU.Build.0 = Release|Any CPU
		{D80A23A7-9828-4E40-A27E-4A1F4E551411}.Debug|Any CPU.ActiveCfg = Debug|Any CPU
		{D80A23A7-9828-4E40-A27E-4A1F4E551411}.Debug|Any CPU.Build.0 = Debug|Any CPU
		{D80A23A7-9828-4E40-A27E-4A1F4E551411}.Release|Any CPU.ActiveCfg = Release|Any CPU
		{D80A23A7-9828-4E40-A27E-4A1F4E551411}.Release|Any CPU.Build.0 = Release|Any CPU
		{1EE1D71C-0A95-4AF7-85E3-F710C809DE1F}.Debug|Any CPU.ActiveCfg = Debug|Any CPU
		{1EE1D71C-0A95-4AF7-85E3-F710C809DE1F}.Debug|Any CPU.Build.0 = Debug|Any CPU
		{1EE1D71C-0A95-4AF7-85E3-F710C809DE1F}.Release|Any CPU.ActiveCfg = Release|Any CPU
		{1EE1D71C-0A95-4AF7-85E3-F710C809DE1F}.Release|Any CPU.Build.0 = Release|Any CPU
		{6E0E7661-A8F9-4664-8668-364E840BC1A5}.Debug|Any CPU.ActiveCfg = Debug|Any CPU
		{6E0E7661-A8F9-4664-8668-364E840BC1A5}.Debug|Any CPU.Build.0 = Debug|Any CPU
		{6E0E7661-A8F9-4664-8668-364E840BC1A5}.Release|Any CPU.ActiveCfg = Release|Any CPU
		{6E0E7661-A8F9-4664-8668-364E840BC1A5}.Release|Any CPU.Build.0 = Release|Any CPU
		{AA387863-15C4-4454-A3E3-EA8A2F6652EC}.Debug|Any CPU.ActiveCfg = Debug|Any CPU
		{AA387863-15C4-4454-A3E3-EA8A2F6652EC}.Debug|Any CPU.Build.0 = Debug|Any CPU
		{AA387863-15C4-4454-A3E3-EA8A2F6652EC}.Release|Any CPU.ActiveCfg = Release|Any CPU
		{AA387863-15C4-4454-A3E3-EA8A2F6652EC}.Release|Any CPU.Build.0 = Release|Any CPU
	EndGlobalSection
	GlobalSection(SolutionProperties) = preSolution
		HideSolutionNode = FALSE
	EndGlobalSection
	GlobalSection(NestedProjects) = preSolution
		{6559930F-7F65-4522-A8EF-73E86A285C90} = {CF1A03A7-96D0-4250-B72F-86D62DC62A59}
		{D8B6A6B5-67C5-4B9A-9EAB-07DEC5A4969E} = {368BD439-F364-4076-A322-5E26AFD93BD9}
		{CF1A03A7-96D0-4250-B72F-86D62DC62A59} = {368BD439-F364-4076-A322-5E26AFD93BD9}
		{6EFAB5B9-3D98-4726-8636-9581D3D07D25} = {368BD439-F364-4076-A322-5E26AFD93BD9}
		{D80A23A7-9828-4E40-A27E-4A1F4E551411} = {D8B6A6B5-67C5-4B9A-9EAB-07DEC5A4969E}
		{1EE1D71C-0A95-4AF7-85E3-F710C809DE1F} = {CF1A03A7-96D0-4250-B72F-86D62DC62A59}
		{6E0E7661-A8F9-4664-8668-364E840BC1A5} = {6EFAB5B9-3D98-4726-8636-9581D3D07D25}
		{AA387863-15C4-4454-A3E3-EA8A2F6652EC} = {6EFAB5B9-3D98-4726-8636-9581D3D07D25}
	EndGlobalSection
	GlobalSection(ExtensibilityGlobals) = postSolution
		SolutionGuid = {D199CEA8-8249-49A5-9BEE-7993AD709FC6}
	EndGlobalSection
EndGlobal
